
Microsoft Visual Studio Solution File, Format Version 12.00
# Visual Studio Version 17
VisualStudioVersion = 17.5.002.0
MinimumVisualStudioVersion = 10.0.40219.1
Project("{9A19103F-16F7-4668-BE54-9A1E7A4F7556}") = "Proyecto_Final.API", "Proyecto_Final.API.csproj", "{7468D2BA-0A6B-4A06-96C4-81486BDC09F0}"
EndProject
Project("{9A19103F-16F7-4668-BE54-9A1E7A4F7556}") = "Proyecto_Final.Shared", "..\Proyecto_Finale.Entidades\Proyecto_Final.Shared.csproj", "{1FD3B250-2291-49FE-9A26-14478407905D}"
EndProject
Project("{9A19103F-16F7-4668-BE54-9A1E7A4F7556}") = "Proyecto_Final.Data", "..\Proyecto_Final.Data\Proyecto_Final.Data.csproj", "{A5BD9495-6563-41A2-A075-FB4669B26775}"
EndProject
Project("{9A19103F-16F7-4668-BE54-9A1E7A4F7556}") = "Proyecto_Final.Services", "..\Proyecto_Final.Services\Proyecto_Final.Services.csproj", "{BDAE313A-3B93-4A53-B0ED-5EF7042C2B9D}"
EndProject
Global
	GlobalSection(SolutionConfigurationPlatforms) = preSolution
		Debug|Any CPU = Debug|Any CPU
		Release|Any CPU = Release|Any CPU
	EndGlobalSection
	GlobalSection(ProjectConfigurationPlatforms) = postSolution
		{7468D2BA-0A6B-4A06-96C4-81486BDC09F0}.Debug|Any CPU.ActiveCfg = Debug|Any CPU
		{7468D2BA-0A6B-4A06-96C4-81486BDC09F0}.Debug|Any CPU.Build.0 = Debug|Any CPU
		{7468D2BA-0A6B-4A06-96C4-81486BDC09F0}.Release|Any CPU.ActiveCfg = Release|Any CPU
		{7468D2BA-0A6B-4A06-96C4-81486BDC09F0}.Release|Any CPU.Build.0 = Release|Any CPU
		{1FD3B250-2291-49FE-9A26-14478407905D}.Debug|Any CPU.ActiveCfg = Debug|Any CPU
		{1FD3B250-2291-49FE-9A26-14478407905D}.Debug|Any CPU.Build.0 = Debug|Any CPU
		{1FD3B250-2291-49FE-9A26-14478407905D}.Release|Any CPU.ActiveCfg = Release|Any CPU
		{1FD3B250-2291-49FE-9A26-14478407905D}.Release|Any CPU.Build.0 = Release|Any CPU
		{A5BD9495-6563-41A2-A075-FB4669B26775}.Debug|Any CPU.ActiveCfg = Debug|Any CPU
		{A5BD9495-6563-41A2-A075-FB4669B26775}.Debug|Any CPU.Build.0 = Debug|Any CPU
		{A5BD9495-6563-41A2-A075-FB4669B26775}.Release|Any CPU.ActiveCfg = Release|Any CPU
		{A5BD9495-6563-41A2-A075-FB4669B26775}.Release|Any CPU.Build.0 = Release|Any CPU
		{BDAE313A-3B93-4A53-B0ED-5EF7042C2B9D}.Debug|Any CPU.ActiveCfg = Debug|Any CPU
		{BDAE313A-3B93-4A53-B0ED-5EF7042C2B9D}.Debug|Any CPU.Build.0 = Debug|Any CPU
		{BDAE313A-3B93-4A53-B0ED-5EF7042C2B9D}.Release|Any CPU.ActiveCfg = Release|Any CPU
		{BDAE313A-3B93-4A53-B0ED-5EF7042C2B9D}.Release|Any CPU.Build.0 = Release|Any CPU
	EndGlobalSection
	GlobalSection(SolutionProperties) = preSolution
		HideSolutionNode = FALSE
	EndGlobalSection
	GlobalSection(ExtensibilityGlobals) = postSolution
		SolutionGuid = {E81A3656-FB3A-48A5-8DE5-D706F64ACC0C}
	EndGlobalSection
EndGlobal
